{
  "name": "test",
  "version": "1.0.0",
  "lockfileVersion": 2,
  "requires": true,
  "packages": {
    "": {
      "version": "1.0.0",
      "license": "MIT",
      "dependencies": {
        "sladio": "^1.0.11"
      }
    },
    "node_modules/sladio": {
      "version": "1.0.11",
      "resolved": "https://registry.npmjs.org/sladio/-/sladio-1.0.11.tgz",
      "integrity": "sha512-la6Q6FjSA713/W/SMSh7+zgJMW2FQ6jAQ3izOvWy3lEssIII4X6qLi8MIqlRq+ltrbX4dl7MHD3mbSgYq0ukMg=="
    }
  },
  "dependencies": {
    "sladio": {
      "version": "1.0.11",
      "resolved": "https://registry.npmjs.org/sladio/-/sladio-1.0.11.tgz",
      "integrity": "sha512-la6Q6FjSA713/W/SMSh7+zgJMW2FQ6jAQ3izOvWy3lEssIII4X6qLi8MIqlRq+ltrbX4dl7MHD3mbSgYq0ukMg=="
    }
  }
}
