{
  "name": "test",
  "version": "1.0.0",
  "lockfileVersion": 2,
  "requires": true,
  "packages": {
    "": {
      "version": "1.0.0",
      "license": "MIT",
      "dependencies": {
        "sladio": "^1.0.12"
      }
    },
    "node_modules/sladio": {
      "version": "1.0.12",
      "resolved": "https://registry.npmjs.org/sladio/-/sladio-1.0.12.tgz",
      "integrity": "sha512-31zdAT3h39p/kuJgDtiy82Jo2CeJQwQltGjyVxAOIbrPRKAssvhCH/LE8br0Kt+QKjnDW7s+I/Vf38Izz4H8Bg==",
      "bin": {
        "sladio": "bin/global.js"
      }
    }
  },
  "dependencies": {
    "sladio": {
      "version": "1.0.12",
      "resolved": "https://registry.npmjs.org/sladio/-/sladio-1.0.12.tgz",
      "integrity": "sha512-31zdAT3h39p/kuJgDtiy82Jo2CeJQwQltGjyVxAOIbrPRKAssvhCH/LE8br0Kt+QKjnDW7s+I/Vf38Izz4H8Bg=="
    }
  }
}
